
Microsoft Visual Studio Solution File, Format Version 12.00
# Visual Studio Version 17
VisualStudioVersion = 17.14.36518.9 d17.14
MinimumVisualStudioVersion = 10.0.40219.1
Project("{FAE04EC0-301F-11D3-BF4B-00C04F79EFBC}") = "ProntoWebApiP", "ProntoWebApiP\ProntoWebApiP.csproj", "{60353763-3800-4E87-A842-630C8E09B258}"
EndProject
Global
	GlobalSection(SolutionConfigurationPlatforms) = preSolution
		Debug|Any CPU = Debug|Any CPU
		Release|Any CPU = Release|Any CPU
	EndGlobalSection
	GlobalSection(ProjectConfigurationPlatforms) = postSolution
		{60353763-3800-4E87-A842-630C8E09B258}.Debug|Any CPU.ActiveCfg = Debug|Any CPU
		{60353763-3800-4E87-A842-630C8E09B258}.Debug|Any CPU.Build.0 = Debug|Any CPU
		{60353763-3800-4E87-A842-630C8E09B258}.Release|Any CPU.ActiveCfg = Release|Any CPU
		{60353763-3800-4E87-A842-630C8E09B258}.Release|Any CPU.Build.0 = Release|Any CPU
	EndGlobalSection
	GlobalSection(SolutionProperties) = preSolution
		HideSolutionNode = FALSE
	EndGlobalSection
	GlobalSection(ExtensibilityGlobals) = postSolution
		SolutionGuid = {CBD3A6EF-B8A6-43C2-9BBB-B9600AEFA4D0}
	EndGlobalSection
EndGlobal
